
Microsoft Visual Studio Solution File, Format Version 12.00
# Visual Studio Version 16
VisualStudioVersion = 16.0.29411.108
MinimumVisualStudioVersion = 10.0.40219.1
Project("{9A19103F-16F7-4668-BE54-9A1E7A4F7556}") = "appMovie", "appMovie.csproj", "{C22851BD-3248-45F1-8FFB-FD4C2666CD48}"
EndProject
Global
	GlobalSection(SolutionConfigurationPlatforms) = preSolution
		Debug|Any CPU = Debug|Any CPU
		Release|Any CPU = Release|Any CPU
	EndGlobalSection
	GlobalSection(ProjectConfigurationPlatforms) = postSolution
		{C22851BD-3248-45F1-8FFB-FD4C2666CD48}.Debug|Any CPU.ActiveCfg = Debug|Any CPU
		{C22851BD-3248-45F1-8FFB-FD4C2666CD48}.Debug|Any CPU.Build.0 = Debug|Any CPU
		{C22851BD-3248-45F1-8FFB-FD4C2666CD48}.Release|Any CPU.ActiveCfg = Release|Any CPU
		{C22851BD-3248-45F1-8FFB-FD4C2666CD48}.Release|Any CPU.Build.0 = Release|Any CPU
	EndGlobalSection
	GlobalSection(SolutionProperties) = preSolution
		HideSolutionNode = FALSE
	EndGlobalSection
	GlobalSection(ExtensibilityGlobals) = postSolution
		SolutionGuid = {72DD8ADE-25D7-4CAB-8F45-69FDCA8D2156}
	EndGlobalSection
EndGlobal
